
Microsoft Visual Studio Solution File, Format Version 12.00
# Visual Studio 15
VisualStudioVersion = 15.0.27004.2006
MinimumVisualStudioVersion = 10.0.40219.1
Project("{8BC9CEB8-8B4A-11D0-8D11-00A0C91BC942}") = "CalorieCalculator", "CalorieCalculator\CalorieCalculator.vcxproj", "{F5F8D342-ECA5-425B-89EF-8912ADB79CB9}"
EndProject
Global
	GlobalSection(SolutionConfigurationPlatforms) = preSolution
		Debug|x64 = Debug|x64
		Debug|x86 = Debug|x86
		Release|x64 = Release|x64
		Release|x86 = Release|x86
	EndGlobalSection
	GlobalSection(ProjectConfigurationPlatforms) = postSolution
		{F5F8D342-ECA5-425B-89EF-8912ADB79CB9}.Debug|x64.ActiveCfg = Debug|x64
		{F5F8D342-ECA5-425B-89EF-8912ADB79CB9}.Debug|x64.Build.0 = Debug|x64
		{F5F8D342-ECA5-425B-89EF-8912ADB79CB9}.Debug|x86.ActiveCfg = Debug|Win32
		{F5F8D342-ECA5-425B-89EF-8912ADB79CB9}.Debug|x86.Build.0 = Debug|Win32
		{F5F8D342-ECA5-425B-89EF-8912ADB79CB9}.Release|x64.ActiveCfg = Release|x64
		{F5F8D342-ECA5-425B-89EF-8912ADB79CB9}.Release|x64.Build.0 = Release|x64
		{F5F8D342-ECA5-425B-89EF-8912ADB79CB9}.Release|x86.ActiveCfg = Release|Win32
		{F5F8D342-ECA5-425B-89EF-8912ADB79CB9}.Release|x86.Build.0 = Release|Win32
	EndGlobalSection
	GlobalSection(SolutionProperties) = preSolution
		HideSolutionNode = FALSE
	EndGlobalSection
	GlobalSection(ExtensibilityGlobals) = postSolution
		SolutionGuid = {E303210E-A79E-4012-9BC5-96A21093B9F5}
	EndGlobalSection
EndGlobal
